
Microsoft Visual Studio Solution File, Format Version 12.00
# Visual Studio 2013
VisualStudioVersion = 12.0.21005.1
MinimumVisualStudioVersion = 10.0.40219.1
Project("{8BC9CEB8-8B4A-11D0-8D11-00A0C91BC942}") = "GlobalDebugView", "GlobalDebugView\GlobalDebugView.vcxproj", "{8C4CE3C5-87C2-482D-A83F-47A3D52483D5}"
	ProjectSection(ProjectDependencies) = postProject
		{BFF85570-E279-46FF-90E8-CA0593A89F7D} = {BFF85570-E279-46FF-90E8-CA0593A89F7D}
	EndProjectSection
EndProject
Project("{8BC9CEB8-8B4A-11D0-8D11-00A0C91BC942}") = "GlobalDebugViewDll", "GlobalDebugViewDll\GlobalDebugViewDll.vcxproj", "{BFF85570-E279-46FF-90E8-CA0593A89F7D}"
EndProject
Project("{6141683F-8A12-4E36-9623-2EB02B2C2303}") = "安装包", "安装包\安装包.isproj", "{DA16820F-C545-4DD9-8953-B5615AA1B460}"
	ProjectSection(ProjectDependencies) = postProject
		{BFF85570-E279-46FF-90E8-CA0593A89F7D} = {BFF85570-E279-46FF-90E8-CA0593A89F7D}
		{8C4CE3C5-87C2-482D-A83F-47A3D52483D5} = {8C4CE3C5-87C2-482D-A83F-47A3D52483D5}
	EndProjectSection
EndProject
Global
	GlobalSection(SolutionConfigurationPlatforms) = preSolution
		CD_ROM|Win32 = CD_ROM|Win32
		CD_ROM|x64 = CD_ROM|x64
		Debug|Win32 = Debug|Win32
		Debug|x64 = Debug|x64
		DVD-5|Win32 = DVD-5|Win32
		DVD-5|x64 = DVD-5|x64
		Release|Win32 = Release|Win32
		Release|x64 = Release|x64
		SingleImage|Win32 = SingleImage|Win32
		SingleImage|x64 = SingleImage|x64
	EndGlobalSection
	GlobalSection(ProjectConfigurationPlatforms) = postSolution
		{8C4CE3C5-87C2-482D-A83F-47A3D52483D5}.CD_ROM|Win32.ActiveCfg = Release|Win32
		{8C4CE3C5-87C2-482D-A83F-47A3D52483D5}.CD_ROM|Win32.Build.0 = Release|Win32
		{8C4CE3C5-87C2-482D-A83F-47A3D52483D5}.CD_ROM|x64.ActiveCfg = Release|x64
		{8C4CE3C5-87C2-482D-A83F-47A3D52483D5}.CD_ROM|x64.Build.0 = Release|x64
		{8C4CE3C5-87C2-482D-A83F-47A3D52483D5}.Debug|Win32.ActiveCfg = Debug|Win32
		{8C4CE3C5-87C2-482D-A83F-47A3D52483D5}.Debug|Win32.Build.0 = Debug|Win32
		{8C4CE3C5-87C2-482D-A83F-47A3D52483D5}.Debug|x64.ActiveCfg = Debug|x64
		{8C4CE3C5-87C2-482D-A83F-47A3D52483D5}.Debug|x64.Build.0 = Debug|x64
		{8C4CE3C5-87C2-482D-A83F-47A3D52483D5}.DVD-5|Win32.ActiveCfg = Debug|Win32
		{8C4CE3C5-87C2-482D-A83F-47A3D52483D5}.DVD-5|Win32.Build.0 = Debug|Win32
		{8C4CE3C5-87C2-482D-A83F-47A3D52483D5}.DVD-5|x64.ActiveCfg = Debug|x64
		{8C4CE3C5-87C2-482D-A83F-47A3D52483D5}.DVD-5|x64.Build.0 = Debug|x64
		{8C4CE3C5-87C2-482D-A83F-47A3D52483D5}.Release|Win32.ActiveCfg = Release|Win32
		{8C4CE3C5-87C2-482D-A83F-47A3D52483D5}.Release|Win32.Build.0 = Release|Win32
		{8C4CE3C5-87C2-482D-A83F-47A3D52483D5}.Release|x64.ActiveCfg = Release|x64
		{8C4CE3C5-87C2-482D-A83F-47A3D52483D5}.Release|x64.Build.0 = Release|x64
		{8C4CE3C5-87C2-482D-A83F-47A3D52483D5}.SingleImage|Win32.ActiveCfg = Release|Win32
		{8C4CE3C5-87C2-482D-A83F-47A3D52483D5}.SingleImage|Win32.Build.0 = Release|Win32
		{8C4CE3C5-87C2-482D-A83F-47A3D52483D5}.SingleImage|x64.ActiveCfg = Release|x64
		{8C4CE3C5-87C2-482D-A83F-47A3D52483D5}.SingleImage|x64.Build.0 = Release|x64
		{BFF85570-E279-46FF-90E8-CA0593A89F7D}.CD_ROM|Win32.ActiveCfg = Release|Win32
		{BFF85570-E279-46FF-90E8-CA0593A89F7D}.CD_ROM|Win32.Build.0 = Release|Win32
		{BFF85570-E279-46FF-90E8-CA0593A89F7D}.CD_ROM|x64.ActiveCfg = Release|x64
		{BFF85570-E279-46FF-90E8-CA0593A89F7D}.CD_ROM|x64.Build.0 = Release|x64
		{BFF85570-E279-46FF-90E8-CA0593A89F7D}.Debug|Win32.ActiveCfg = Debug|Win32
		{BFF85570-E279-46FF-90E8-CA0593A89F7D}.Debug|Win32.Build.0 = Debug|Win32
		{BFF85570-E279-46FF-90E8-CA0593A89F7D}.Debug|x64.ActiveCfg = Debug|x64
		{BFF85570-E279-46FF-90E8-CA0593A89F7D}.Debug|x64.Build.0 = Debug|x64
		{BFF85570-E279-46FF-90E8-CA0593A89F7D}.DVD-5|Win32.ActiveCfg = Debug|Win32
		{BFF85570-E279-46FF-90E8-CA0593A89F7D}.DVD-5|Win32.Build.0 = Debug|Win32
		{BFF85570-E279-46FF-90E8-CA0593A89F7D}.DVD-5|x64.ActiveCfg = Debug|x64
		{BFF85570-E279-46FF-90E8-CA0593A89F7D}.DVD-5|x64.Build.0 = Debug|x64
		{BFF85570-E279-46FF-90E8-CA0593A89F7D}.Release|Win32.ActiveCfg = Release|Win32
		{BFF85570-E279-46FF-90E8-CA0593A89F7D}.Release|Win32.Build.0 = Release|Win32
		{BFF85570-E279-46FF-90E8-CA0593A89F7D}.Release|x64.ActiveCfg = Release|x64
		{BFF85570-E279-46FF-90E8-CA0593A89F7D}.Release|x64.Build.0 = Release|x64
		{BFF85570-E279-46FF-90E8-CA0593A89F7D}.SingleImage|Win32.ActiveCfg = Release|Win32
		{BFF85570-E279-46FF-90E8-CA0593A89F7D}.SingleImage|Win32.Build.0 = Release|Win32
		{BFF85570-E279-46FF-90E8-CA0593A89F7D}.SingleImage|x64.ActiveCfg = Release|x64
		{BFF85570-E279-46FF-90E8-CA0593A89F7D}.SingleImage|x64.Build.0 = Release|x64
		{DA16820F-C545-4DD9-8953-B5615AA1B460}.CD_ROM|Win32.ActiveCfg = CD_ROM
		{DA16820F-C545-4DD9-8953-B5615AA1B460}.CD_ROM|Win32.Build.0 = CD_ROM
		{DA16820F-C545-4DD9-8953-B5615AA1B460}.CD_ROM|x64.ActiveCfg = CD_ROM
		{DA16820F-C545-4DD9-8953-B5615AA1B460}.CD_ROM|x64.Build.0 = CD_ROM
		{DA16820F-C545-4DD9-8953-B5615AA1B460}.Debug|Win32.ActiveCfg = DVD-5
		{DA16820F-C545-4DD9-8953-B5615AA1B460}.Debug|Win32.Build.0 = DVD-5
		{DA16820F-C545-4DD9-8953-B5615AA1B460}.Debug|x64.ActiveCfg = DVD-5
		{DA16820F-C545-4DD9-8953-B5615AA1B460}.Debug|x64.Build.0 = DVD-5
		{DA16820F-C545-4DD9-8953-B5615AA1B460}.DVD-5|Win32.ActiveCfg = DVD-5
		{DA16820F-C545-4DD9-8953-B5615AA1B460}.DVD-5|Win32.Build.0 = DVD-5
		{DA16820F-C545-4DD9-8953-B5615AA1B460}.DVD-5|x64.ActiveCfg = DVD-5
		{DA16820F-C545-4DD9-8953-B5615AA1B460}.DVD-5|x64.Build.0 = DVD-5
		{DA16820F-C545-4DD9-8953-B5615AA1B460}.Release|Win32.ActiveCfg = SingleImage
		{DA16820F-C545-4DD9-8953-B5615AA1B460}.Release|Win32.Build.0 = SingleImage
		{DA16820F-C545-4DD9-8953-B5615AA1B460}.Release|x64.ActiveCfg = SingleImage
		{DA16820F-C545-4DD9-8953-B5615AA1B460}.Release|x64.Build.0 = SingleImage
		{DA16820F-C545-4DD9-8953-B5615AA1B460}.SingleImage|Win32.ActiveCfg = SingleImage
		{DA16820F-C545-4DD9-8953-B5615AA1B460}.SingleImage|Win32.Build.0 = SingleImage
		{DA16820F-C545-4DD9-8953-B5615AA1B460}.SingleImage|x64.ActiveCfg = SingleImage
		{DA16820F-C545-4DD9-8953-B5615AA1B460}.SingleImage|x64.Build.0 = SingleImage
	EndGlobalSection
	GlobalSection(SolutionProperties) = preSolution
		HideSolutionNode = FALSE
	EndGlobalSection
EndGlobal
